
Microsoft Visual Studio Solution File, Format Version 12.00
# Visual Studio Version 17
VisualStudioVersion = 17.10.35027.167
MinimumVisualStudioVersion = 10.0.40219.1
Project("{9A19103F-16F7-4668-BE54-9A1E7A4F7556}") = "DevToys.Extensions.FluentIconFinder", "DevToys.Extensions.FluentIconFinder\DevToys.Extensions.FluentIconFinder.csproj", "{1D498946-C049-4444-8447-D7FD6DE4415A}"
EndProject
Project("{FAE04EC0-301F-11D3-BF4B-00C04F79EFBC}") = "FluentIconDefinitionsGenerator", "FluentIconDefinitionsGenerator\FluentIconDefinitionsGenerator.csproj", "{404B48F3-FB78-492A-AF75-DEAF4EB33EAB}"
EndProject
Global
	GlobalSection(SolutionConfigurationPlatforms) = preSolution
		Debug|Any CPU = Debug|Any CPU
		Release|Any CPU = Release|Any CPU
	EndGlobalSection
	GlobalSection(ProjectConfigurationPlatforms) = postSolution
		{1D498946-C049-4444-8447-D7FD6DE4415A}.Debug|Any CPU.ActiveCfg = Debug|Any CPU
		{1D498946-C049-4444-8447-D7FD6DE4415A}.Debug|Any CPU.Build.0 = Debug|Any CPU
		{1D498946-C049-4444-8447-D7FD6DE4415A}.Release|Any CPU.ActiveCfg = Release|Any CPU
		{1D498946-C049-4444-8447-D7FD6DE4415A}.Release|Any CPU.Build.0 = Release|Any CPU
		{404B48F3-FB78-492A-AF75-DEAF4EB33EAB}.Debug|Any CPU.ActiveCfg = Debug|Any CPU
		{404B48F3-FB78-492A-AF75-DEAF4EB33EAB}.Debug|Any CPU.Build.0 = Debug|Any CPU
		{404B48F3-FB78-492A-AF75-DEAF4EB33EAB}.Release|Any CPU.ActiveCfg = Release|Any CPU
		{404B48F3-FB78-492A-AF75-DEAF4EB33EAB}.Release|Any CPU.Build.0 = Release|Any CPU
	EndGlobalSection
	GlobalSection(SolutionProperties) = preSolution
		HideSolutionNode = FALSE
	EndGlobalSection
	GlobalSection(ExtensibilityGlobals) = postSolution
		SolutionGuid = {8E708A4C-7864-474B-84AD-48985212A9DE}
	EndGlobalSection
EndGlobal
